{
  "requires": true,
  "lockfileVersion": 1,
  "dependencies": {
    "dayspan": {
      "version": "0.12.5",
      "resolved": "https://registry.npmjs.org/dayspan/-/dayspan-0.12.5.tgz",
      "integrity": "sha512-/IkvULBqTRJjUnmKcu3nAGpo04mIszC+ua1ItZadNRxfMKzplmxEljHytOpHdOyl6GF3V7de8oxgep7emeivNA=="
    },
    "dayspan-vuetify": {
      "version": "0.4.0",
      "resolved": "https://registry.npmjs.org/dayspan-vuetify/-/dayspan-vuetify-0.4.0.tgz",
      "integrity": "sha512-YoCFu1hZsvklDQXm8IBRvY00v/B06F/h6yS0k4GALEqrzlqY0EKF4UUdjlr5xMRoKuw7NTA//4V4twOQ8H3D/A==",
      "requires": {
        "dayspan": "^0.12.2",
        "material-design-icons-iconfont": "^3.0.3",
        "vue": "^2.3.3",
        "vuetify": "^1.3.9"
      }
    },
    "material-design-icons-iconfont": {
      "version": "3.0.3",
      "resolved": "https://registry.npmjs.org/material-design-icons-iconfont/-/material-design-icons-iconfont-3.0.3.tgz",
      "integrity": "sha1-FUoQhAR9Ticjf6f1o34Qdc7qbfI="
    },
    "vue": {
      "version": "2.6.11",
      "resolved": "https://registry.npmjs.org/vue/-/vue-2.6.11.tgz",
      "integrity": "sha512-VfPwgcGABbGAue9+sfrD4PuwFar7gPb1yl1UK1MwXoQPAw0BKSqWfoYCT/ThFrdEVWoI51dBuyCoiNU9bZDZxQ=="
    },
    "vuetify": {
      "version": "1.5.22",
      "resolved": "https://registry.npmjs.org/vuetify/-/vuetify-1.5.22.tgz",
      "integrity": "sha512-WtfB6fe1+Fsf56nR6LGSh7YgUXp/iF0k9Igtf1XnODjV8OOD8A63ACVD5aG34FhUZS0CgqkcXjyG6EYuz/LFYA=="
    }
  }
}
